
Microsoft Visual Studio Solution File, Format Version 11.00
# Visual Studio 2010
Project("{FAE04EC0-301F-11D3-BF4B-00C04F79EFBC}") = "DiffLib", "DiffLib\DiffLib.csproj", "{59577DB1-D790-4925-ABB0-9F2B6DC24DFD}"
EndProject
Project("{FAE04EC0-301F-11D3-BF4B-00C04F79EFBC}") = "DiffLib.Tests", "DiffLib.Tests\DiffLib.Tests.csproj", "{16F500B7-F4BE-46D4-8443-2E6F653C3508}"
EndProject
Project("{2150E333-8FDC-42A3-9474-1A3956D46DE8}") = "Solution Items", "Solution Items", "{37D01333-8058-4DB9-B8D6-855F42914728}"
	ProjectSection(SolutionItems) = preProject
		EXAMPLES.markdown = EXAMPLES.markdown
		LICENSE.markdown = LICENSE.markdown
		README.markdown = README.markdown
		SIGNING.markdown = SIGNING.markdown
	EndProjectSection
EndProject
Global
	GlobalSection(SolutionConfigurationPlatforms) = preSolution
		Debug|Any CPU = Debug|Any CPU
		Release|Any CPU = Release|Any CPU
		ReleaseBinaries|Any CPU = ReleaseBinaries|Any CPU
	EndGlobalSection
	GlobalSection(ProjectConfigurationPlatforms) = postSolution
		{59577DB1-D790-4925-ABB0-9F2B6DC24DFD}.Debug|Any CPU.ActiveCfg = Debug|Any CPU
		{59577DB1-D790-4925-ABB0-9F2B6DC24DFD}.Debug|Any CPU.Build.0 = Debug|Any CPU
		{59577DB1-D790-4925-ABB0-9F2B6DC24DFD}.Release|Any CPU.ActiveCfg = Release|Any CPU
		{59577DB1-D790-4925-ABB0-9F2B6DC24DFD}.Release|Any CPU.Build.0 = Release|Any CPU
		{59577DB1-D790-4925-ABB0-9F2B6DC24DFD}.ReleaseBinaries|Any CPU.ActiveCfg = ReleaseBinaries|Any CPU
		{59577DB1-D790-4925-ABB0-9F2B6DC24DFD}.ReleaseBinaries|Any CPU.Build.0 = ReleaseBinaries|Any CPU
		{16F500B7-F4BE-46D4-8443-2E6F653C3508}.Debug|Any CPU.ActiveCfg = Debug|Any CPU
		{16F500B7-F4BE-46D4-8443-2E6F653C3508}.Debug|Any CPU.Build.0 = Debug|Any CPU
		{16F500B7-F4BE-46D4-8443-2E6F653C3508}.Release|Any CPU.ActiveCfg = Release|Any CPU
		{16F500B7-F4BE-46D4-8443-2E6F653C3508}.Release|Any CPU.Build.0 = Release|Any CPU
		{16F500B7-F4BE-46D4-8443-2E6F653C3508}.ReleaseBinaries|Any CPU.ActiveCfg = ReleaseBinaries|Any CPU
		{16F500B7-F4BE-46D4-8443-2E6F653C3508}.ReleaseBinaries|Any CPU.Build.0 = ReleaseBinaries|Any CPU
	EndGlobalSection
	GlobalSection(SolutionProperties) = preSolution
		HideSolutionNode = FALSE
	EndGlobalSection
EndGlobal
